<?xml version="1.0" encoding="utf-8"?>
<Project ToolsVersion="4.0" xmlns="http://schemas.microsoft.com/developer/msbuild/2003">
  <ItemGroup>
    <Filter Include="Source Files">
      <UniqueIdentifier>{4FC737F1-C7A5-4376-A066-2A32D752A2FF}</UniqueIdentifier>
      <Extensions>cpp;c;cc;cxx;def;odl;idl;hpj;bat;asm;asmx</Extensions>
    </Filter>
    <Filter Include="Header Files">
      <UniqueIdentifier>{93995380-89BD-4b04-88EB-625FBE52EBFB}</UniqueIdentifier>
      <Extensions>h;hh;hpp;hxx;hm;inl;inc;ipp;xsd</Extensions>
    </Filter>
    <Filter Include="Resource Files">
      <UniqueIdentifier>{67DA6AB6-F800-4c08-8B7A-83BB121AAD01}</UniqueIdentifier>
      <Extensions>rc;ico;cur;bmp;dlg;rc2;rct;bin;rgs;gif;jpg;jpeg;jpe;resx;tiff;tif;png;wav;mfcribbon-ms</Extensions>
    </Filter>
  </ItemGroup>
  <ItemGroup>
    <ClInclude Include="src\Stylite.h">
      <Filter>Header Files</Filter>
    </ClInclude>
    <ClInclude Include="src\Stylite\api_build.h">
      <Filter>Header Files</Filter>
    </ClInclude>
    <ClInclude Include="src\Stylite\Application.h">
      <Filter>Header Files</Filter>
    </ClInclude>
    <ClInclude Include="src\Stylite\Display\Display.h">
      <Filter>Header Files</Filter>
    </ClInclude>
    <ClInclude Include="src\Stylite\Config\Configuration.h">
      <Filter>Header Files</Filter>
    </ClInclude>
    <ClInclude Include="src\Stylite\Engine\Engine.h">
      <Filter>Header Files</Filter>
    </ClInclude>
    <ClInclude Include="src\Stylite\Engine\Math\Mathematics.h">
      <Filter>Header Files</Filter>
    </ClInclude>
    <ClInclude Include="src\Stylite\Engine\Math\Vector\Vector4.h">
      <Filter>Header Files</Filter>
    </ClInclude>
    <ClInclude Include="src\Stylite\Engine\Math\Vector\Vector.h">
      <Filter>Header Files</Filter>
    </ClInclude>
    <ClInclude Include="src\Stylite\Engine\Math\Vector\Vector3.h">
      <Filter>Header Files</Filter>
    </ClInclude>
    <ClInclude Include="src\Stylite\Engine\Math\Vector\Vector2.h">
      <Filter>Header Files</Filter>
    </ClInclude>
    <ClInclude Include="src\Stylite\Engine\Math\Matrix\Matrix4.h">
      <Filter>Header Files</Filter>
    </ClInclude>
    <ClInclude Include="src\Stylite\Engine\Math\Matrix\Matrix.h">
      <Filter>Header Files</Filter>
    </ClInclude>
    <ClInclude Include="src\Stylite\Engine\Scene\Scene.h">
      <Filter>Header Files</Filter>
    </ClInclude>
    <ClInclude Include="src\Stylite\Engine\Rendering\RenderingManager.h">
      <Filter>Header Files</Filter>
    </ClInclude>
    <ClInclude Include="src\Stylite\Engine\Components\RenderComponent.h">
      <Filter>Header Files</Filter>
    </ClInclude>
    <ClInclude Include="src\Stylite\Engine\Components\IComponent.h">
      <Filter>Header Files</Filter>
    </ClInclude>
    <ClInclude Include="src\Stylite\Engine\MeshData\Mesh.h">
      <Filter>Header Files</Filter>
    </ClInclude>
    <ClInclude Include="src\Stylite\Engine\Components\Components.h">
      <Filter>Header Files</Filter>
    </ClInclude>
    <ClInclude Include="src\Stylite\Engine\opengl\Vbo.h">
      <Filter>Header Files</Filter>
    </ClInclude>
    <ClInclude Include="src\Stylite\Engine\opengl\Vao.h">
      <Filter>Header Files</Filter>
    </ClInclude>
    <ClInclude Include="src\Stylite\Engine\Scene\Entity.h">
      <Filter>Header Files</Filter>
    </ClInclude>
    <ClInclude Include="src\Stylite\Engine\Components\TransformComponent.h">
      <Filter>Header Files</Filter>
    </ClInclude>
    <ClInclude Include="src\Stylite\Engine\Shaders\IShader.h">
      <Filter>Header Files</Filter>
    </ClInclude>
    <ClInclude Include="src\Stylite\Engine\Shaders\Shaders.h">
      <Filter>Header Files</Filter>
    </ClInclude>
    <ClInclude Include="src\Stylite\Engine\Shaders\BasicShader.h">
      <Filter>Header Files</Filter>
    </ClInclude>
    <ClInclude Include="src\Stylite\Engine\Shaders\ShaderManager.h">
      <Filter>Header Files</Filter>
    </ClInclude>
    <ClInclude Include="src\Stylite\Engine\Shaders\Uniforms\Uniform.h">
      <Filter>Header Files</Filter>
    </ClInclude>
    <ClInclude Include="src\Stylite\Engine\Time\Time.h">
      <Filter>Header Files</Filter>
    </ClInclude>
    <ClInclude Include="src\Stylite\Engine\Time\FpsCounter.h">
      <Filter>Header Files</Filter>
    </ClInclude>
    <ClInclude Include="src\Stylite\Engine\Input\InputManager.h">
      <Filter>Header Files</Filter>
    </ClInclude>
    <ClInclude Include="src\Stylite\Engine\Input\Keyboard.h">
      <Filter>Header Files</Filter>
    </ClInclude>
    <ClInclude Include="src\Stylite\Engine\Input\Mouse.h">
      <Filter>Header Files</Filter>
    </ClInclude>
    <ClInclude Include="src\Stylite\Engine\MeshData\Shapes.h">
      <Filter>Header Files</Filter>
    </ClInclude>
    <ClInclude Include="src\Stylite\Engine\Components\ShaderComponent.h">
      <Filter>Header Files</Filter>
    </ClInclude>
    <ClInclude Include="src\Stylite\Engine\Shaders\TextureShader.h">
      <Filter>Header Files</Filter>
    </ClInclude>
    <ClInclude Include="src\Stylite\Engine\Utils\Utility.h">
      <Filter>Header Files</Filter>
    </ClInclude>
    <ClInclude Include="src\Stylite\Engine\MeshData\Texture.h">
      <Filter>Header Files</Filter>
    </ClInclude>
    <ClInclude Include="src\Stylite\Engine\Components\ScriptComponent.h">
      <Filter>Header Files</Filter>
    </ClInclude>
    <ClInclude Include="src\Stylite\Engine\Physics\PhysicsManager.h">
      <Filter>Header Files</Filter>
    </ClInclude>
    <ClInclude Include="src\Stylite\Engine\Scene\EntityManager.h">
      <Filter>Header Files</Filter>
    </ClInclude>
    <ClInclude Include="src\Stylite\Engine\Components\RigidBodyComponent.h">
      <Filter>Header Files</Filter>
    </ClInclude>
    <ClInclude Include="src\Stylite\Engine\Scene\SceneManager.h">
      <Filter>Header Files</Filter>
    </ClInclude>
    <ClInclude Include="src\Stylite\Engine\Physics\Physics.h">
      <Filter>Header Files</Filter>
    </ClInclude>
  </ItemGroup>
  <ItemGroup>
    <ClCompile Include="src\Stylite\Application.cpp">
      <Filter>Source Files</Filter>
    </ClCompile>
    <ClCompile Include="src\Stylite\Display\Display.cpp">
      <Filter>Source Files</Filter>
    </ClCompile>
    <ClCompile Include="src\Stylite\Engine\Engine.cpp">
      <Filter>Source Files</Filter>
    </ClCompile>
    <ClCompile Include="src\Stylite\Engine\Math\Vector\Vector4.cpp">
      <Filter>Source Files</Filter>
    </ClCompile>
    <ClCompile Include="src\Stylite\Engine\Scene\Scene.cpp">
      <Filter>Source Files</Filter>
    </ClCompile>
    <ClCompile Include="src\Stylite\Engine\Rendering\RenderingManager.cpp">
      <Filter>Source Files</Filter>
    </ClCompile>
    <ClCompile Include="src\Stylite\Engine\Components\RenderComponent.cpp">
      <Filter>Source Files</Filter>
    </ClCompile>
    <ClCompile Include="src\Stylite\Engine\opengl\Vbo.cpp">
      <Filter>Source Files</Filter>
    </ClCompile>
    <ClCompile Include="src\Stylite\Engine\opengl\Vao.cpp">
      <Filter>Source Files</Filter>
    </ClCompile>
    <ClCompile Include="src\Stylite\Engine\Scene\Entity.cpp">
      <Filter>Source Files</Filter>
    </ClCompile>
    <ClCompile Include="src\Stylite\Engine\Components\IComponent.cpp">
      <Filter>Source Files</Filter>
    </ClCompile>
    <ClCompile Include="src\Stylite\Engine\Components\TransformComponent.cpp">
      <Filter>Source Files</Filter>
    </ClCompile>
    <ClCompile Include="src\Stylite\Engine\Shaders\IShader.cpp">
      <Filter>Source Files</Filter>
    </ClCompile>
    <ClCompile Include="src\Stylite\Engine\Shaders\BasicShader.cpp">
      <Filter>Source Files</Filter>
    </ClCompile>
    <ClCompile Include="src\Stylite\Engine\Shaders\ShaderManager.cpp">
      <Filter>Source Files</Filter>
    </ClCompile>
    <ClCompile Include="src\Stylite\Engine\Shaders\Uniforms\Uniform.cpp">
      <Filter>Source Files</Filter>
    </ClCompile>
    <ClCompile Include="src\Stylite\Engine\Time\Time.cpp">
      <Filter>Source Files</Filter>
    </ClCompile>
    <ClCompile Include="src\Stylite\Engine\Time\FpsCounter.cpp">
      <Filter>Source Files</Filter>
    </ClCompile>
    <ClCompile Include="src\Stylite\Engine\Input\InputManager.cpp">
      <Filter>Source Files</Filter>
    </ClCompile>
    <ClCompile Include="src\Stylite\Engine\Input\Keyboard.cpp">
      <Filter>Source Files</Filter>
    </ClCompile>
    <ClCompile Include="src\Stylite\Config\Configuration.cpp">
      <Filter>Source Files</Filter>
    </ClCompile>
    <ClCompile Include="src\Stylite\Engine\Input\Mouse.cpp">
      <Filter>Source Files</Filter>
    </ClCompile>
    <ClCompile Include="src\Stylite\Engine\MeshData\Shapes.cpp">
      <Filter>Source Files</Filter>
    </ClCompile>
    <ClCompile Include="src\Stylite\Engine\Components\ShaderComponent.cpp">
      <Filter>Source Files</Filter>
    </ClCompile>
    <ClCompile Include="src\Stylite\Engine\Shaders\TextureShader.cpp">
      <Filter>Source Files</Filter>
    </ClCompile>
    <ClCompile Include="src\Stylite\Engine\Utils\Utility.cpp">
      <Filter>Source Files</Filter>
    </ClCompile>
    <ClCompile Include="src\Stylite\Engine\Utils\stb_image.cpp">
      <Filter>Source Files</Filter>
    </ClCompile>
    <ClCompile Include="src\Stylite\Engine\MeshData\Texture.cpp">
      <Filter>Source Files</Filter>
    </ClCompile>
    <ClCompile Include="src\Stylite\Engine\Components\ScriptComponent.cpp">
      <Filter>Source Files</Filter>
    </ClCompile>
    <ClCompile Include="src\Stylite\Engine\Math\Vector\Vector.cpp">
      <Filter>Source Files</Filter>
    </ClCompile>
    <ClCompile Include="src\Stylite\Engine\Physics\PhysicsManager.cpp">
      <Filter>Source Files</Filter>
    </ClCompile>
    <ClCompile Include="src\Stylite\Engine\Scene\EntityManager.cpp">
      <Filter>Source Files</Filter>
    </ClCompile>
    <ClCompile Include="src\Stylite\Engine\Components\RigidBodyComponent.cpp">
      <Filter>Source Files</Filter>
    </ClCompile>
    <ClCompile Include="src\Stylite\Engine\Scene\SceneManager.cpp">
      <Filter>Source Files</Filter>
    </ClCompile>
    <ClCompile Include="src\Stylite\Engine\Physics\Physics.cpp">
      <Filter>Source Files</Filter>
    </ClCompile>
  </ItemGroup>
  <ItemGroup>
    <None Include="src\Stylite\Engine\Shaders\glsl\BasicShader_vs.glsl" />
    <None Include="src\Stylite\Engine\Shaders\glsl\BasicShader_fs.glsl" />
    <None Include="src\Stylite\Engine\Shaders\glsl\TextureShader_vs.glsl" />
    <None Include="src\Stylite\Engine\Shaders\glsl\TextureShader_fs.glsl" />
  </ItemGroup>
</Project>